Microsoft Visual Studio Solution File, Format Version 11.00
# Visual Studio 2008

Project("{2144869C-84E9-A1F9-C215-C50059A12AAC}") = "Top down car game", "Assembly-CSharp-vs.csproj", "{9FC4265B-EBB4-0A0A-175B-712452B398FA}"
EndProject
Global
	GlobalSection(SolutionConfigurationPlatforms) = preSolution
		Debug|Any CPU = Debug|Any CPU
		Release|Any CPU = Release|Any CPU
	EndGlobalSection
	GlobalSection(ProjectConfigurationPlatforms) = postSolution
		{9FC4265B-EBB4-0A0A-175B-712452B398FA}.Debug|Any CPU.ActiveCfg = Debug|Any CPU
		{9FC4265B-EBB4-0A0A-175B-712452B398FA}.Debug|Any CPU.Build.0 = Debug|Any CPU
		{9FC4265B-EBB4-0A0A-175B-712452B398FA}.Release|Any CPU.ActiveCfg = Release|Any CPU
		{9FC4265B-EBB4-0A0A-175B-712452B398FA}.Release|Any CPU.Build.0 = Release|Any CPU
	EndGlobalSection
	GlobalSection(SolutionProperties) = preSolution
		HideSolutionNode = FALSE
	EndGlobalSection
																						GlobalSection(MonoDevelopProperties) = preSolution
		StartupItem = Assembly-CSharp.csproj
		Policies = $0
		$0.TextStylePolicy = $1
		$1.inheritsSet = null
		$1.scope = text/x-csharp
		$0.CSharpFormattingPolicy = $2
		$2.inheritsSet = Mono
		$2.inheritsScope = text/x-csharp
		$2.scope = text/x-csharp
		$0.TextStylePolicy = $3
		$3.FileWidth = 120
		$3.TabWidth = 4
		$3.EolMarker = Unix
		$3.inheritsSet = Mono
		$3.inheritsScope = text/plain
		$3.scope = text/plain
	EndGlobalSection

EndGlobal
